
Microsoft Visual Studio Solution File, Format Version 12.00
# Visual Studio Version 16
VisualStudioVersion = 16.0.32602.291
MinimumVisualStudioVersion = 10.0.40219.1
Project("{FAE04EC0-301F-11D3-BF4B-00C04F79EFBC}") = "DbFirstDemo", "DbFirstDemo\DbFirstDemo.csproj", "{71CE2563-8016-47D7-A05C-28A186C72129}"
EndProject
Global
	GlobalSection(SolutionConfigurationPlatforms) = preSolution
		Debug|Any CPU = Debug|Any CPU
		Release|Any CPU = Release|Any CPU
	EndGlobalSection
	GlobalSection(ProjectConfigurationPlatforms) = postSolution
		{71CE2563-8016-47D7-A05C-28A186C72129}.Debug|Any CPU.ActiveCfg = Debug|Any CPU
		{71CE2563-8016-47D7-A05C-28A186C72129}.Debug|Any CPU.Build.0 = Debug|Any CPU
		{71CE2563-8016-47D7-A05C-28A186C72129}.Release|Any CPU.ActiveCfg = Release|Any CPU
		{71CE2563-8016-47D7-A05C-28A186C72129}.Release|Any CPU.Build.0 = Release|Any CPU
	EndGlobalSection
	GlobalSection(SolutionProperties) = preSolution
		HideSolutionNode = FALSE
	EndGlobalSection
	GlobalSection(ExtensibilityGlobals) = postSolution
		SolutionGuid = {4BDFADB9-1190-4733-947A-28DC3106B8AC}
	EndGlobalSection
EndGlobal
